
Microsoft Visual Studio Solution File, Format Version 12.00
# Visual Studio Version 16
VisualStudioVersion = 16.0.29613.14
MinimumVisualStudioVersion = 10.0.40219.1
Project("{FAE04EC0-301F-11D3-BF4B-00C04F79EFBC}") = "SalesWebMvc", "SalesWebMvc.csproj", "{EE020C92-B8D6-4E05-9A68-8DC52006F8A7}"
EndProject
Global
	GlobalSection(SolutionConfigurationPlatforms) = preSolution
		Debug|Any CPU = Debug|Any CPU
		Release|Any CPU = Release|Any CPU
	EndGlobalSection
	GlobalSection(ProjectConfigurationPlatforms) = postSolution
		{EE020C92-B8D6-4E05-9A68-8DC52006F8A7}.Debug|Any CPU.ActiveCfg = Debug|Any CPU
		{EE020C92-B8D6-4E05-9A68-8DC52006F8A7}.Debug|Any CPU.Build.0 = Debug|Any CPU
		{EE020C92-B8D6-4E05-9A68-8DC52006F8A7}.Release|Any CPU.ActiveCfg = Release|Any CPU
		{EE020C92-B8D6-4E05-9A68-8DC52006F8A7}.Release|Any CPU.Build.0 = Release|Any CPU
	EndGlobalSection
	GlobalSection(SolutionProperties) = preSolution
		HideSolutionNode = FALSE
	EndGlobalSection
	GlobalSection(ExtensibilityGlobals) = postSolution
		SolutionGuid = {7589CD1D-6684-44CD-A692-151C12A95263}
	EndGlobalSection
EndGlobal
